<?xml version="1.0" encoding="utf-8"?>
<Project ToolsVersion="4.0" xmlns="http://schemas.microsoft.com/developer/msbuild/2003">
  <ItemGroup>
    <Filter Include="ソース ファイル">
      <UniqueIdentifier>{4FC737F1-C7A5-4376-A066-2A32D752A2FF}</UniqueIdentifier>
      <Extensions>cpp;c;cc;cxx;c++;def;odl;idl;hpj;bat;asm;asmx</Extensions>
    </Filter>
    <Filter Include="リソース ファイル">
      <UniqueIdentifier>{67DA6AB6-F800-4c08-8B7A-83BB121AAD01}</UniqueIdentifier>
      <Extensions>rc;ico;cur;bmp;dlg;rc2;rct;bin;rgs;gif;jpg;jpeg;jpe;resx;tiff;tif;png;wav;mfcribbon-ms</Extensions>
    </Filter>
    <Filter Include="ソース ファイル\ヘッダー ファイル">
      <UniqueIdentifier>{93995380-89BD-4b04-88EB-625FBE52EBFB}</UniqueIdentifier>
      <Extensions>h;hh;hpp;hxx;h++;hm;inl;inc;ipp;xsd</Extensions>
    </Filter>
    <Filter Include="ソース ファイル\ヘッダー ファイル\System">
      <UniqueIdentifier>{5af0da7b-288f-43cf-8689-17c19c50e8d9}</UniqueIdentifier>
    </Filter>
    <Filter Include="ソース ファイル\C++ファイル">
      <UniqueIdentifier>{c4078c48-42b4-49aa-8298-6dee3c118423}</UniqueIdentifier>
    </Filter>
    <Filter Include="ソース ファイル\C++ファイル\Scene">
      <UniqueIdentifier>{24328710-12e8-4e57-b9b6-08dfe1df1476}</UniqueIdentifier>
    </Filter>
    <Filter Include="ソース ファイル\C++ファイル\Collision">
      <UniqueIdentifier>{cb717bf3-dd5e-4bd4-b2db-2eb184ce5ebd}</UniqueIdentifier>
    </Filter>
    <Filter Include="ソース ファイル\ヘッダー ファイル\Collision">
      <UniqueIdentifier>{8a3abc8b-909f-4877-9e96-9a3d4199f47f}</UniqueIdentifier>
    </Filter>
    <Filter Include="ソース ファイル\ヘッダー ファイル\Tool">
      <UniqueIdentifier>{8289dda8-5bfe-43e1-8239-4d908d4d875e}</UniqueIdentifier>
    </Filter>
    <Filter Include="ソース ファイル\C++ファイル\Tool">
      <UniqueIdentifier>{b834afc6-b85c-44bf-8fbe-0e8ea909e9c1}</UniqueIdentifier>
    </Filter>
    <Filter Include="ソース ファイル\ヘッダー ファイル\UI">
      <UniqueIdentifier>{f393c901-b0bb-47c8-ba63-5a5582ac3562}</UniqueIdentifier>
    </Filter>
    <Filter Include="ソース ファイル\C++ファイル\UI">
      <UniqueIdentifier>{ddde5c98-988d-4abe-bde1-d2fd2ce6645d}</UniqueIdentifier>
    </Filter>
    <Filter Include="ソース ファイル\ヘッダー ファイル\Scene">
      <UniqueIdentifier>{1669f37a-07c7-4cc5-bede-5c866f375fa2}</UniqueIdentifier>
    </Filter>
    <Filter Include="ソース ファイル\ヘッダー ファイル\Helper">
      <UniqueIdentifier>{b8cb9c83-871b-4e77-ab30-aba5ba87574b}</UniqueIdentifier>
    </Filter>
    <Filter Include="ソース ファイル\ヘッダー ファイル\LoadClass">
      <UniqueIdentifier>{e3415779-e83e-4ee3-817e-d8aa8bc7ae87}</UniqueIdentifier>
    </Filter>
    <Filter Include="ソース ファイル\ヘッダー ファイル\LoadClass\LoadData">
      <UniqueIdentifier>{9cb1f106-826f-44d0-b0f3-13a2b28472f6}</UniqueIdentifier>
    </Filter>
    <Filter Include="ソース ファイル\ヘッダー ファイル\Collision\Manager">
      <UniqueIdentifier>{ababe1d6-ec6c-4d48-af08-fc3e5bb91bbc}</UniqueIdentifier>
    </Filter>
    <Filter Include="ソース ファイル\ヘッダー ファイル\Collision\Object">
      <UniqueIdentifier>{d04846b5-5490-4321-8e5d-b8f2b95d7108}</UniqueIdentifier>
    </Filter>
    <Filter Include="ソース ファイル\ヘッダー ファイル\Scene\Data">
      <UniqueIdentifier>{11bc06b2-8762-4133-93b1-0c163ec8448d}</UniqueIdentifier>
    </Filter>
    <Filter Include="ソース ファイル\C++ファイル\Helper">
      <UniqueIdentifier>{852dc772-14be-4f2a-8b4b-b013e4d840dd}</UniqueIdentifier>
    </Filter>
    <Filter Include="ソース ファイル\C++ファイル\Collision\Object">
      <UniqueIdentifier>{a47e43e6-18d8-40ce-9880-f5383368dc72}</UniqueIdentifier>
    </Filter>
    <Filter Include="ソース ファイル\C++ファイル\Collision\Manager">
      <UniqueIdentifier>{c70a03a0-530b-41ad-9234-7b715b205989}</UniqueIdentifier>
    </Filter>
    <Filter Include="ソース ファイル\C++ファイル\LoadClass">
      <UniqueIdentifier>{98cb2db0-65f7-42a0-a90b-fc41eef2bddd}</UniqueIdentifier>
    </Filter>
    <Filter Include="ソース ファイル\ヘッダー ファイル\LoadClass\PMDModel">
      <UniqueIdentifier>{83038277-148a-46b2-a039-90b92b05cc9d}</UniqueIdentifier>
    </Filter>
    <Filter Include="ソース ファイル\C++ファイル\LoadClass\PMDModel">
      <UniqueIdentifier>{3837f8bb-0329-42f2-ac86-c8688867ad54}</UniqueIdentifier>
    </Filter>
    <Filter Include="ソース ファイル\シェーダーファイル">
      <UniqueIdentifier>{6d56d83c-b862-4143-a65f-4a2260f285b7}</UniqueIdentifier>
    </Filter>
    <Filter Include="ソース ファイル\ヘッダー ファイル\LoadClass\PMDModel\Data">
      <UniqueIdentifier>{42ad9f5f-68bc-4ac7-8393-93eda32e5856}</UniqueIdentifier>
    </Filter>
    <Filter Include="ソース ファイル\ヘッダー ファイル\Singleton">
      <UniqueIdentifier>{0deeab60-0b63-4a0f-a96c-68855c4a1595}</UniqueIdentifier>
    </Filter>
    <Filter Include="ソース ファイル\C++ファイル\Singleton">
      <UniqueIdentifier>{2b24bfce-3206-4a1d-b8be-2d6ca65c6a11}</UniqueIdentifier>
    </Filter>
    <Filter Include="ソース ファイル\ヘッダー ファイル\Energy">
      <UniqueIdentifier>{b6bac345-2b33-40a4-955a-a6cd1bd03bda}</UniqueIdentifier>
    </Filter>
    <Filter Include="ソース ファイル\C++ファイル\Energy">
      <UniqueIdentifier>{de4b1b27-6722-423d-9cd7-e5a4b9ebca33}</UniqueIdentifier>
    </Filter>
    <Filter Include="ソース ファイル\ヘッダー ファイル\Color">
      <UniqueIdentifier>{5a753948-cdd2-4016-ae66-4b39838e82a3}</UniqueIdentifier>
    </Filter>
    <Filter Include="ソース ファイル\C++ファイル\Color">
      <UniqueIdentifier>{38c45680-3152-4d5d-93c8-d32aa063846f}</UniqueIdentifier>
    </Filter>
    <Filter Include="ソース ファイル\ヘッダー ファイル\EnemyAttack">
      <UniqueIdentifier>{252c5ffc-8cd1-4a2c-b0ad-b4c040f5ce7e}</UniqueIdentifier>
    </Filter>
    <Filter Include="ソース ファイル\C++ファイル\EnemyAttack">
      <UniqueIdentifier>{cee143d0-2aef-45b5-950a-1a7010211003}</UniqueIdentifier>
    </Filter>
    <Filter Include="ソース ファイル\ヘッダー ファイル\EnemyAttack\EnemyAttackData">
      <UniqueIdentifier>{ab43664f-1e01-43d5-ba6c-083afd5b5109}</UniqueIdentifier>
    </Filter>
    <Filter Include="ソース ファイル\ヘッダー ファイル\EnemyAttack\Attack">
      <UniqueIdentifier>{a3b45f38-6926-4ce0-bb20-15f263590898}</UniqueIdentifier>
    </Filter>
    <Filter Include="ソース ファイル\C++ファイル\EnemyAttack\Attack">
      <UniqueIdentifier>{5fe1b2f1-cfe1-40a0-945c-9d1cbce912ce}</UniqueIdentifier>
    </Filter>
    <Filter Include="ソース ファイル\ヘッダー ファイル\LoadClass\Effekseer">
      <UniqueIdentifier>{98bfee45-db3f-421d-8708-3f52c3bb79fb}</UniqueIdentifier>
    </Filter>
    <Filter Include="ソース ファイル\ヘッダー ファイル\LoadClass\Effekseer\Data">
      <UniqueIdentifier>{fa3a5a05-4a94-4abb-aff7-aa95757f405b}</UniqueIdentifier>
    </Filter>
    <Filter Include="ソース ファイル\ヘッダー ファイル\Event">
      <UniqueIdentifier>{ef781328-3690-482d-af4a-b50683e0c92e}</UniqueIdentifier>
    </Filter>
    <Filter Include="ソース ファイル\C++ファイル\Event">
      <UniqueIdentifier>{8c49c95f-7c3a-4b5b-a8f3-fa5caa39cbcc}</UniqueIdentifier>
    </Filter>
    <Filter Include="ソース ファイル\ヘッダー ファイル\Collision\Data">
      <UniqueIdentifier>{d87f8d70-c303-478c-bc56-2def0c4c089e}</UniqueIdentifier>
    </Filter>
    <Filter Include="ソース ファイル\C++ファイル\System">
      <UniqueIdentifier>{351a27ec-5c5d-4529-ac59-7ff60053b532}</UniqueIdentifier>
    </Filter>
    <Filter Include="ソース ファイル\ヘッダー ファイル\UI\GameScene">
      <UniqueIdentifier>{5baebd4c-cc9b-4529-8673-21b001c95fab}</UniqueIdentifier>
    </Filter>
    <Filter Include="ソース ファイル\C++ファイル\UI\GameSceneUI">
      <UniqueIdentifier>{989d6146-5b98-49eb-89b1-55d9b14432b2}</UniqueIdentifier>
    </Filter>
    <Filter Include="ソース ファイル\ヘッダー ファイル\Interface">
      <UniqueIdentifier>{98640d5c-d9fd-4f43-b335-77acbf234f16}</UniqueIdentifier>
    </Filter>
    <Filter Include="ソース ファイル\C++ファイル\Interface">
      <UniqueIdentifier>{d24d5ae8-ab92-446d-8e44-625bd7c535ad}</UniqueIdentifier>
    </Filter>
    <Filter Include="ソース ファイル\ヘッダー ファイル\LoadClass\Sound">
      <UniqueIdentifier>{8f9f1b49-dbba-41c6-beb9-362629d1464b}</UniqueIdentifier>
    </Filter>
    <Filter Include="ソース ファイル\ヘッダー ファイル\LoadClass\Json">
      <UniqueIdentifier>{a2addc8e-0935-4c72-a701-1dc3ac5640e6}</UniqueIdentifier>
    </Filter>
    <Filter Include="ソース ファイル\ヘッダー ファイル\LoadClass\Sprite">
      <UniqueIdentifier>{5aff9065-3f1f-40ab-b7d6-7cd80f50cfd8}</UniqueIdentifier>
    </Filter>
    <Filter Include="ソース ファイル\ヘッダー ファイル\Score">
      <UniqueIdentifier>{4b2cb753-e307-4307-b6ad-4bb1c2c9cb3a}</UniqueIdentifier>
    </Filter>
    <Filter Include="ソース ファイル\C++ファイル\Score">
      <UniqueIdentifier>{da29c856-278d-4817-8d50-38f2ae77cd27}</UniqueIdentifier>
    </Filter>
    <Filter Include="ソース ファイル\C++ファイル\UI\ResultUI">
      <UniqueIdentifier>{1f3d2d67-9b37-4216-ae33-2f5178ad8185}</UniqueIdentifier>
    </Filter>
    <Filter Include="ソース ファイル\ヘッダー ファイル\UI\ResultUI">
      <UniqueIdentifier>{ee023382-36be-4e9e-b0cf-fc11b9895112}</UniqueIdentifier>
    </Filter>
    <Filter Include="ソース ファイル\ヘッダー ファイル\UI\ResultUI\Failed">
      <UniqueIdentifier>{4e3fc813-7fbe-4c83-921d-51f0abc76690}</UniqueIdentifier>
    </Filter>
    <Filter Include="ソース ファイル\ヘッダー ファイル\UI\ResultUI\Success">
      <UniqueIdentifier>{9bbc7749-426d-477a-bca1-1fd248118d79}</UniqueIdentifier>
    </Filter>
    <Filter Include="ソース ファイル\C++ファイル\UI\ResultUI\Failed">
      <UniqueIdentifier>{99e486f6-29eb-4c90-955f-62964df59fb5}</UniqueIdentifier>
    </Filter>
    <Filter Include="ソース ファイル\C++ファイル\UI\ResultUI\Success">
      <UniqueIdentifier>{0541bd3b-beac-488b-b86b-7ea20790a653}</UniqueIdentifier>
    </Filter>
    <Filter Include="ソース ファイル\ヘッダー ファイル\UI\Data">
      <UniqueIdentifier>{1038025f-8d4b-4c63-8301-6a2911d3ce94}</UniqueIdentifier>
    </Filter>
  </ItemGroup>
  <ItemGroup>
    <ClCompile Include="Dx12Wrapper.cpp">
      <Filter>ソース ファイル\C++ファイル\System</Filter>
    </ClCompile>
    <ClCompile Include="main.cpp">
      <Filter>ソース ファイル\C++ファイル</Filter>
    </ClCompile>
    <ClCompile Include="GameScene.cpp">
      <Filter>ソース ファイル\C++ファイル\Scene</Filter>
    </ClCompile>
    <ClCompile Include="GameLoop.cpp">
      <Filter>ソース ファイル\C++ファイル\System</Filter>
    </ClCompile>
    <ClCompile Include="Device.cpp">
      <Filter>ソース ファイル\C++ファイル\System</Filter>
    </ClCompile>
    <ClCompile Include="Mouse.cpp">
      <Filter>ソース ファイル\C++ファイル\Tool</Filter>
    </ClCompile>
    <ClCompile Include="KeyBoard.cpp">
      <Filter>ソース ファイル\C++ファイル\Tool</Filter>
    </ClCompile>
    <ClCompile Include="Ground.cpp">
      <Filter>ソース ファイル\C++ファイル\Tool</Filter>
    </ClCompile>
    <ClCompile Include="PMDRenderer.cpp">
      <Filter>ソース ファイル\C++ファイル\System</Filter>
    </ClCompile>
    <ClCompile Include="AppearEnemyDirector.cpp">
      <Filter>ソース ファイル\C++ファイル\Scene</Filter>
    </ClCompile>
    <ClCompile Include="SpriteDrawer.cpp">
      <Filter>ソース ファイル\C++ファイル\LoadClass</Filter>
    </ClCompile>
    <ClCompile Include="Result.cpp">
      <Filter>ソース ファイル\C++ファイル\Scene</Filter>
    </ClCompile>
    <ClCompile Include="Title.cpp">
      <Filter>ソース ファイル\C++ファイル\Scene</Filter>
    </ClCompile>
    <ClCompile Include="CollisionDetection.cpp">
      <Filter>ソース ファイル\C++ファイル\System</Filter>
    </ClCompile>
    <ClCompile Include="Timer.cpp">
      <Filter>ソース ファイル\C++ファイル\Tool</Filter>
    </ClCompile>
    <ClCompile Include="SceneController.cpp">
      <Filter>ソース ファイル\C++ファイル\Scene</Filter>
    </ClCompile>
    <ClCompile Include="CollisionObject.cpp">
      <Filter>ソース ファイル\C++ファイル\Collision\Object</Filter>
    </ClCompile>
    <ClCompile Include="Enemy.cpp">
      <Filter>ソース ファイル\C++ファイル\Collision\Object</Filter>
    </ClCompile>
    <ClCompile Include="CollisionManager.cpp">
      <Filter>ソース ファイル\C++ファイル\Collision\Manager</Filter>
    </ClCompile>
    <ClCompile Include="EnemyManager.cpp">
      <Filter>ソース ファイル\C++ファイル\Collision\Manager</Filter>
    </ClCompile>
    <ClCompile Include="Sound.cpp">
      <Filter>ソース ファイル\C++ファイル\LoadClass</Filter>
    </ClCompile>
    <ClCompile Include="StringDrawer.cpp">
      <Filter>ソース ファイル\C++ファイル\LoadClass</Filter>
    </ClCompile>
    <ClCompile Include="CheckError.cpp">
      <Filter>ソース ファイル\C++ファイル\System</Filter>
    </ClCompile>
    <ClCompile Include="XMFLOATHelper.cpp">
      <Filter>ソース ファイル\C++ファイル\Helper</Filter>
    </ClCompile>
    <ClCompile Include="PMDLoader.cpp">
      <Filter>ソース ファイル\C++ファイル\LoadClass\PMDModel</Filter>
    </ClCompile>
    <ClCompile Include="PMDModel.cpp">
      <Filter>ソース ファイル\C++ファイル\LoadClass\PMDModel</Filter>
    </ClCompile>
    <ClCompile Include="PMDShifter.cpp">
      <Filter>ソース ファイル\C++ファイル\LoadClass\PMDModel</Filter>
    </ClCompile>
    <ClCompile Include="PMDDrawer.cpp">
      <Filter>ソース ファイル\C++ファイル\LoadClass\PMDModel</Filter>
    </ClCompile>
    <ClCompile Include="EnemyDefeater.cpp">
      <Filter>ソース ファイル\C++ファイル\Collision\Object</Filter>
    </ClCompile>
    <ClCompile Include="EnemyDefeaterManager.cpp">
      <Filter>ソース ファイル\C++ファイル\Collision\Manager</Filter>
    </ClCompile>
    <ClCompile Include="CoordinateTransformation.cpp">
      <Filter>ソース ファイル\C++ファイル\Helper</Filter>
    </ClCompile>
    <ClCompile Include="TitleUI.cpp">
      <Filter>ソース ファイル\C++ファイル\UI</Filter>
    </ClCompile>
    <ClCompile Include="Camera.cpp">
      <Filter>ソース ファイル\C++ファイル\Tool</Filter>
    </ClCompile>
    <ClCompile Include="SingletonFinalizer.cpp">
      <Filter>ソース ファイル\C++ファイル\Singleton</Filter>
    </ClCompile>
    <ClCompile Include="DodgeRange.cpp">
      <Filter>ソース ファイル\C++ファイル\Collision\Object</Filter>
    </ClCompile>
    <ClCompile Include="Energy.cpp">
      <Filter>ソース ファイル\C++ファイル\Energy</Filter>
    </ClCompile>
    <ClCompile Include="ColorValue.cpp">
      <Filter>ソース ファイル\C++ファイル\Color</Filter>
    </ClCompile>
    <ClCompile Include="EnemyAttackDirector.cpp">
      <Filter>ソース ファイル\C++ファイル\EnemyAttack</Filter>
    </ClCompile>
    <ClCompile Include="StraightAttack.cpp">
      <Filter>ソース ファイル\C++ファイル\EnemyAttack\Attack</Filter>
    </ClCompile>
    <ClCompile Include="FannelAttack.cpp">
      <Filter>ソース ファイル\C++ファイル\EnemyAttack\Attack</Filter>
    </ClCompile>
    <ClCompile Include="DebugAttackAttack.cpp">
      <Filter>ソース ファイル\C++ファイル\EnemyAttack\Attack</Filter>
    </ClCompile>
    <ClCompile Include="ZigzagAttack.cpp">
      <Filter>ソース ファイル\C++ファイル\EnemyAttack\Attack</Filter>
    </ClCompile>
    <ClCompile Include="LoadJson.cpp">
      <Filter>ソース ファイル\C++ファイル\LoadClass</Filter>
    </ClCompile>
    <ClCompile Include="GameSpeedOperator.cpp">
      <Filter>ソース ファイル\C++ファイル\Tool</Filter>
    </ClCompile>
    <ClCompile Include="DataReLoader.cpp">
      <Filter>ソース ファイル\C++ファイル\System</Filter>
    </ClCompile>
    <ClCompile Include="EnemyAttackBase.cpp">
      <Filter>ソース ファイル\C++ファイル\EnemyAttack\Attack</Filter>
    </ClCompile>
    <ClCompile Include="EnemyAttackPool.cpp">
      <Filter>ソース ファイル\C++ファイル\EnemyAttack</Filter>
    </ClCompile>
    <ClCompile Include="SpreadAttack.cpp">
      <Filter>ソース ファイル\C++ファイル\EnemyAttack\Attack</Filter>
    </ClCompile>
    <ClCompile Include="LineAttack.cpp">
      <Filter>ソース ファイル\C++ファイル\EnemyAttack\Attack</Filter>
    </ClCompile>
    <ClCompile Include="EventNotificator.cpp">
      <Filter>ソース ファイル\C++ファイル\Event</Filter>
    </ClCompile>
    <ClCompile Include="EnemyDefeaterMapper.cpp">
      <Filter>ソース ファイル\C++ファイル\System</Filter>
    </ClCompile>
    <ClCompile Include="PlayerManager.cpp">
      <Filter>ソース ファイル\C++ファイル\Collision\Manager</Filter>
    </ClCompile>
    <ClCompile Include="EnergyGaugeUI.cpp">
      <Filter>ソース ファイル\C++ファイル\UI\GameSceneUI</Filter>
    </ClCompile>
    <ClCompile Include="GameSceneUI.cpp">
      <Filter>ソース ファイル\C++ファイル\UI\GameSceneUI</Filter>
    </ClCompile>
    <ClCompile Include="LifeUI.cpp">
      <Filter>ソース ファイル\C++ファイル\UI\GameSceneUI</Filter>
    </ClCompile>
    <ClCompile Include="WaveDirector.cpp">
      <Filter>ソース ファイル\C++ファイル\Scene</Filter>
    </ClCompile>
    <ClCompile Include="IWaveConditionGetter.cpp">
      <Filter>ソース ファイル\C++ファイル\Interface</Filter>
    </ClCompile>
    <ClCompile Include="EnergyEffect.cpp">
      <Filter>ソース ファイル\C++ファイル\Energy</Filter>
    </ClCompile>
    <ClCompile Include="Player.cpp">
      <Filter>ソース ファイル\C++ファイル\Collision\Object</Filter>
    </ClCompile>
    <ClCompile Include="Score.cpp">
      <Filter>ソース ファイル\C++ファイル\Score</Filter>
    </ClCompile>
    <ClCompile Include="IScoreGetter.cpp">
      <Filter>ソース ファイル\C++ファイル\Interface</Filter>
    </ClCompile>
    <ClCompile Include="GameSceneScoreUI.cpp">
      <Filter>ソース ファイル\C++ファイル\UI\GameSceneUI</Filter>
    </ClCompile>
    <ClCompile Include="IPlayerParameterGetter.cpp">
      <Filter>ソース ファイル\C++ファイル\Interface</Filter>
    </ClCompile>
    <ClCompile Include="IDefeatEnemyNumGetter.cpp">
      <Filter>ソース ファイル\C++ファイル\Interface</Filter>
    </ClCompile>
    <ClCompile Include="ResultScoreUI.cpp">
      <Filter>ソース ファイル\C++ファイル\UI\ResultUI</Filter>
    </ClCompile>
    <ClCompile Include="FailedResultUI.cpp">
      <Filter>ソース ファイル\C++ファイル\UI\ResultUI\Failed</Filter>
    </ClCompile>
    <ClCompile Include="TipsUI.cpp">
      <Filter>ソース ファイル\C++ファイル\UI\ResultUI\Failed</Filter>
    </ClCompile>
    <ClCompile Include="ResultUI.cpp">
      <Filter>ソース ファイル\C++ファイル\UI\ResultUI\Success</Filter>
    </ClCompile>
    <ClCompile Include="ScoreEvaluationUI.cpp">
      <Filter>ソース ファイル\C++ファイル\UI\ResultUI\Success</Filter>
    </ClCompile>
    <ClCompile Include="EffekseerManager.cpp">
      <Filter>ソース ファイル\C++ファイル\LoadClass</Filter>
    </ClCompile>
  </ItemGroup>
  <ItemGroup>
    <ClInclude Include="Dx12Wrapper.h">
      <Filter>ソース ファイル\ヘッダー ファイル\System</Filter>
    </ClInclude>
    <ClInclude Include="GameScene.h">
      <Filter>ソース ファイル\ヘッダー ファイル\Scene</Filter>
    </ClInclude>
    <ClInclude Include="GameLoop.h">
      <Filter>ソース ファイル\ヘッダー ファイル\System</Filter>
    </ClInclude>
    <ClInclude Include="Device.h">
      <Filter>ソース ファイル\ヘッダー ファイル\System</Filter>
    </ClInclude>
    <ClInclude Include="Mouse.h">
      <Filter>ソース ファイル\ヘッダー ファイル\Tool</Filter>
    </ClInclude>
    <ClInclude Include="KeyBoard.h">
      <Filter>ソース ファイル\ヘッダー ファイル\Tool</Filter>
    </ClInclude>
    <ClInclude Include="Ground.h">
      <Filter>ソース ファイル\ヘッダー ファイル\Tool</Filter>
    </ClInclude>
    <ClInclude Include="PMDRenderer.h">
      <Filter>ソース ファイル\ヘッダー ファイル\System</Filter>
    </ClInclude>
    <ClInclude Include="AppearEnemyDirector.h">
      <Filter>ソース ファイル\ヘッダー ファイル\Scene</Filter>
    </ClInclude>
    <ClInclude Include="Result.h">
      <Filter>ソース ファイル\ヘッダー ファイル\Scene</Filter>
    </ClInclude>
    <ClInclude Include="Title.h">
      <Filter>ソース ファイル\ヘッダー ファイル\Scene</Filter>
    </ClInclude>
    <ClInclude Include="EnemyManager.h">
      <Filter>ソース ファイル\ヘッダー ファイル\Collision\Manager</Filter>
    </ClInclude>
    <ClInclude Include="PlayerManager.h">
      <Filter>ソース ファイル\ヘッダー ファイル\Collision\Manager</Filter>
    </ClInclude>
    <ClInclude Include="CollisionManager.h">
      <Filter>ソース ファイル\ヘッダー ファイル\Collision\Manager</Filter>
    </ClInclude>
    <ClInclude Include="CollisionDetection.h">
      <Filter>ソース ファイル\ヘッダー ファイル\System</Filter>
    </ClInclude>
    <ClInclude Include="Timer.h">
      <Filter>ソース ファイル\ヘッダー ファイル\Tool</Filter>
    </ClInclude>
    <ClInclude Include="SceneController.h">
      <Filter>ソース ファイル\ヘッダー ファイル\Scene</Filter>
    </ClInclude>
    <ClInclude Include="EnemyData.h">
      <Filter>ソース ファイル\ヘッダー ファイル\Collision\Data</Filter>
    </ClInclude>
    <ClInclude Include="MapChipData.h">
      <Filter>ソース ファイル\ヘッダー ファイル\LoadClass\LoadData</Filter>
    </ClInclude>
    <ClInclude Include="Enemy.h">
      <Filter>ソース ファイル\ヘッダー ファイル\Collision\Object</Filter>
    </ClInclude>
    <ClInclude Include="Player.h">
      <Filter>ソース ファイル\ヘッダー ファイル\Collision\Object</Filter>
    </ClInclude>
    <ClInclude Include="StageData.h">
      <Filter>ソース ファイル\ヘッダー ファイル\Scene\Data</Filter>
    </ClInclude>
    <ClInclude Include="SceneType.h">
      <Filter>ソース ファイル\ヘッダー ファイル\Scene\Data</Filter>
    </ClInclude>
    <ClInclude Include="SceneParam.h">
      <Filter>ソース ファイル\ヘッダー ファイル\Scene\Data</Filter>
    </ClInclude>
    <ClInclude Include="GameSceneState.h">
      <Filter>ソース ファイル\ヘッダー ファイル\Scene\Data</Filter>
    </ClInclude>
    <ClInclude Include="CollisionType.h">
      <Filter>ソース ファイル\ヘッダー ファイル\Collision\Data</Filter>
    </ClInclude>
    <ClInclude Include="EnemyType.h">
      <Filter>ソース ファイル\ヘッダー ファイル\Collision\Data</Filter>
    </ClInclude>
    <ClInclude Include="MapChipType.h">
      <Filter>ソース ファイル\ヘッダー ファイル\LoadClass\LoadData</Filter>
    </ClInclude>
    <ClInclude Include="AppearEnemyData.h">
      <Filter>ソース ファイル\ヘッダー ファイル\Scene\Data</Filter>
    </ClInclude>
    <ClInclude Include="StringDrawer.h">
      <Filter>ソース ファイル\ヘッダー ファイル\LoadClass</Filter>
    </ClInclude>
    <ClInclude Include="EnumIterator.h">
      <Filter>ソース ファイル\ヘッダー ファイル\Helper</Filter>
    </ClInclude>
    <ClInclude Include="CheckError.h">
      <Filter>ソース ファイル\ヘッダー ファイル\System</Filter>
    </ClInclude>
    <ClInclude Include="XMFLOATHelper.h">
      <Filter>ソース ファイル\ヘッダー ファイル\Helper</Filter>
    </ClInclude>
    <ClInclude Include="Camera.h">
      <Filter>ソース ファイル\ヘッダー ファイル\Tool</Filter>
    </ClInclude>
    <ClInclude Include="PMDModel.h">
      <Filter>ソース ファイル\ヘッダー ファイル\LoadClass\PMDModel</Filter>
    </ClInclude>
    <ClInclude Include="PMDLoader.h">
      <Filter>ソース ファイル\ヘッダー ファイル\LoadClass\PMDModel</Filter>
    </ClInclude>
    <ClInclude Include="PMDDrawer.h">
      <Filter>ソース ファイル\ヘッダー ファイル\LoadClass\PMDModel</Filter>
    </ClInclude>
    <ClInclude Include="PMDShifter.h">
      <Filter>ソース ファイル\ヘッダー ファイル\LoadClass\PMDModel</Filter>
    </ClInclude>
    <ClInclude Include="EnemyDefeaterManager.h">
      <Filter>ソース ファイル\ヘッダー ファイル\Collision\Manager</Filter>
    </ClInclude>
    <ClInclude Include="EnemyDefeater.h">
      <Filter>ソース ファイル\ヘッダー ファイル\Collision\Object</Filter>
    </ClInclude>
    <ClInclude Include="CoordinateTransformation.h">
      <Filter>ソース ファイル\ヘッダー ファイル\Helper</Filter>
    </ClInclude>
    <ClInclude Include="TitleUI.h">
      <Filter>ソース ファイル\ヘッダー ファイル\UI</Filter>
    </ClInclude>
    <ClInclude Include="PMDModelData.h">
      <Filter>ソース ファイル\ヘッダー ファイル\LoadClass\PMDModel\Data</Filter>
    </ClInclude>
    <ClInclude Include="PMDDrawData.h">
      <Filter>ソース ファイル\ヘッダー ファイル\LoadClass\PMDModel\Data</Filter>
    </ClInclude>
    <ClInclude Include="Singleton.h">
      <Filter>ソース ファイル\ヘッダー ファイル\Singleton</Filter>
    </ClInclude>
    <ClInclude Include="SingletonFinalizer.h">
      <Filter>ソース ファイル\ヘッダー ファイル\Singleton</Filter>
    </ClInclude>
    <ClInclude Include="MaterialData.h">
      <Filter>ソース ファイル\ヘッダー ファイル\LoadClass\PMDModel</Filter>
    </ClInclude>
    <ClInclude Include="DodgeRange.h">
      <Filter>ソース ファイル\ヘッダー ファイル\Collision\Object</Filter>
    </ClInclude>
    <ClInclude Include="CollisionObject.h">
      <Filter>ソース ファイル\ヘッダー ファイル\Collision\Object</Filter>
    </ClInclude>
    <ClInclude Include="Energy.h">
      <Filter>ソース ファイル\ヘッダー ファイル\Energy</Filter>
    </ClInclude>
    <ClInclude Include="ColorValue.h">
      <Filter>ソース ファイル\ヘッダー ファイル\Color</Filter>
    </ClInclude>
    <ClInclude Include="ColorData.h">
      <Filter>ソース ファイル\ヘッダー ファイル\Color</Filter>
    </ClInclude>
    <ClInclude Include="ColorType.h">
      <Filter>ソース ファイル\ヘッダー ファイル\Color</Filter>
    </ClInclude>
    <ClInclude Include="EnemyAttackDirector.h">
      <Filter>ソース ファイル\ヘッダー ファイル\EnemyAttack</Filter>
    </ClInclude>
    <ClInclude Include="EnemyAttackPool.h">
      <Filter>ソース ファイル\ヘッダー ファイル\EnemyAttack</Filter>
    </ClInclude>
    <ClInclude Include="EnemyAttackType.h">
      <Filter>ソース ファイル\ヘッダー ファイル\EnemyAttack\EnemyAttackData</Filter>
    </ClInclude>
    <ClInclude Include="StraightAttack.h">
      <Filter>ソース ファイル\ヘッダー ファイル\EnemyAttack\Attack</Filter>
    </ClInclude>
    <ClInclude Include="EnemyAttackBase.h">
      <Filter>ソース ファイル\ヘッダー ファイル\EnemyAttack\Attack</Filter>
    </ClInclude>
    <ClInclude Include="FannelAttack.h">
      <Filter>ソース ファイル\ヘッダー ファイル\EnemyAttack\Attack</Filter>
    </ClInclude>
    <ClInclude Include="DebugAttack.h">
      <Filter>ソース ファイル\ヘッダー ファイル\EnemyAttack\Attack</Filter>
    </ClInclude>
    <ClInclude Include="DebugAttackParam.h">
      <Filter>ソース ファイル\ヘッダー ファイル\EnemyAttack\EnemyAttackData</Filter>
    </ClInclude>
    <ClInclude Include="ZigzagAttack.h">
      <Filter>ソース ファイル\ヘッダー ファイル\EnemyAttack\Attack</Filter>
    </ClInclude>
    <ClInclude Include="GameSpeedOperator.h">
      <Filter>ソース ファイル\ヘッダー ファイル\Tool</Filter>
    </ClInclude>
    <ClInclude Include="DataReLoader.h">
      <Filter>ソース ファイル\ヘッダー ファイル\System</Filter>
    </ClInclude>
    <ClInclude Include="EffekseerManager.h">
      <Filter>ソース ファイル\ヘッダー ファイル\LoadClass\Effekseer</Filter>
    </ClInclude>
    <ClInclude Include="EffectData.h">
      <Filter>ソース ファイル\ヘッダー ファイル\LoadClass\Effekseer\Data</Filter>
    </ClInclude>
    <ClInclude Include="EffectType.h">
      <Filter>ソース ファイル\ヘッダー ファイル\LoadClass\Effekseer\Data</Filter>
    </ClInclude>
    <ClInclude Include="SpreadAttack.h">
      <Filter>ソース ファイル\ヘッダー ファイル\EnemyAttack\Attack</Filter>
    </ClInclude>
    <ClInclude Include="LineAttack.h">
      <Filter>ソース ファイル\ヘッダー ファイル\EnemyAttack\Attack</Filter>
    </ClInclude>
    <ClInclude Include="EventType.h">
      <Filter>ソース ファイル\ヘッダー ファイル\Event</Filter>
    </ClInclude>
    <ClInclude Include="EventNotificator.h">
      <Filter>ソース ファイル\ヘッダー ファイル\Event</Filter>
    </ClInclude>
    <ClInclude Include="EnemyDefeaterMapper.h">
      <Filter>ソース ファイル\ヘッダー ファイル\System</Filter>
    </ClInclude>
    <ClInclude Include="GameSceneUI.h">
      <Filter>ソース ファイル\ヘッダー ファイル\UI\GameScene</Filter>
    </ClInclude>
    <ClInclude Include="EnergyGaugeUI.h">
      <Filter>ソース ファイル\ヘッダー ファイル\UI\GameScene</Filter>
    </ClInclude>
    <ClInclude Include="LifeUI.h">
      <Filter>ソース ファイル\ヘッダー ファイル\UI\GameScene</Filter>
    </ClInclude>
    <ClInclude Include="WaveDirector.h">
      <Filter>ソース ファイル\ヘッダー ファイル\Scene</Filter>
    </ClInclude>
    <ClInclude Include="EnemyState.h">
      <Filter>ソース ファイル\ヘッダー ファイル\Collision\Data</Filter>
    </ClInclude>
    <ClInclude Include="IWaveConditionGetter.h">
      <Filter>ソース ファイル\ヘッダー ファイル\Interface</Filter>
    </ClInclude>
    <ClInclude Include="EnergyEffect.h">
      <Filter>ソース ファイル\ヘッダー ファイル\Energy</Filter>
    </ClInclude>
    <ClInclude Include="RestartData.h">
      <Filter>ソース ファイル\ヘッダー ファイル\System</Filter>
    </ClInclude>
    <ClInclude Include="Sound.h">
      <Filter>ソース ファイル\ヘッダー ファイル\LoadClass\Sound</Filter>
    </ClInclude>
    <ClInclude Include="SoundType.h">
      <Filter>ソース ファイル\ヘッダー ファイル\LoadClass\Sound</Filter>
    </ClInclude>
    <ClInclude Include="SoundData.h">
      <Filter>ソース ファイル\ヘッダー ファイル\LoadClass\Sound</Filter>
    </ClInclude>
    <ClInclude Include="LoadJson.h">
      <Filter>ソース ファイル\ヘッダー ファイル\LoadClass\Json</Filter>
    </ClInclude>
    <ClInclude Include="JsonDataType.h">
      <Filter>ソース ファイル\ヘッダー ファイル\LoadClass\Json</Filter>
    </ClInclude>
    <ClInclude Include="SpriteData.h">
      <Filter>ソース ファイル\ヘッダー ファイル\LoadClass\Sprite</Filter>
    </ClInclude>
    <ClInclude Include="SpriteType.h">
      <Filter>ソース ファイル\ヘッダー ファイル\LoadClass\Sprite</Filter>
    </ClInclude>
    <ClInclude Include="SpriteDrawer.h">
      <Filter>ソース ファイル\ヘッダー ファイル\LoadClass\Sprite</Filter>
    </ClInclude>
    <ClInclude Include="IDefeatEnemyNumGetter.h">
      <Filter>ソース ファイル\ヘッダー ファイル\Interface</Filter>
    </ClInclude>
    <ClInclude Include="Score.h">
      <Filter>ソース ファイル\ヘッダー ファイル\Score</Filter>
    </ClInclude>
    <ClInclude Include="ScoreType.h">
      <Filter>ソース ファイル\ヘッダー ファイル\Score</Filter>
    </ClInclude>
    <ClInclude Include="IScoreGetter.h">
      <Filter>ソース ファイル\ヘッダー ファイル\Interface</Filter>
    </ClInclude>
    <ClInclude Include="GameSceneScoreUI.h">
      <Filter>ソース ファイル\ヘッダー ファイル\UI\GameScene</Filter>
    </ClInclude>
    <ClInclude Include="IPlayerParameterGetter.h">
      <Filter>ソース ファイル\ヘッダー ファイル\Interface</Filter>
    </ClInclude>
    <ClInclude Include="ResultScoreUI.h">
      <Filter>ソース ファイル\ヘッダー ファイル\UI\ResultUI</Filter>
    </ClInclude>
    <ClInclude Include="FailedResultUI.h">
      <Filter>ソース ファイル\ヘッダー ファイル\UI\ResultUI\Failed</Filter>
    </ClInclude>
    <ClInclude Include="ResultUI.h">
      <Filter>ソース ファイル\ヘッダー ファイル\UI\ResultUI\Success</Filter>
    </ClInclude>
    <ClInclude Include="ScoreEvaluationUI.h">
      <Filter>ソース ファイル\ヘッダー ファイル\UI\ResultUI\Success</Filter>
    </ClInclude>
    <ClInclude Include="TipsUI.h">
      <Filter>ソース ファイル\ヘッダー ファイル\UI\ResultUI\Failed</Filter>
    </ClInclude>
    <ClInclude Include="PMDModelType.h">
      <Filter>ソース ファイル\ヘッダー ファイル\LoadClass\PMDModel\Data</Filter>
    </ClInclude>
    <ClInclude Include="PlayerData.h">
      <Filter>ソース ファイル\ヘッダー ファイル\Collision\Data</Filter>
    </ClInclude>
    <ClInclude Include="GameSceneParam.h">
      <Filter>ソース ファイル\ヘッダー ファイル\Scene\Data</Filter>
    </ClInclude>
    <ClInclude Include="EnergyGaugeUIData.h">
      <Filter>ソース ファイル\ヘッダー ファイル\UI\Data</Filter>
    </ClInclude>
    <ClInclude Include="FailedResultUIData.h">
      <Filter>ソース ファイル\ヘッダー ファイル\UI\Data</Filter>
    </ClInclude>
    <ClInclude Include="ResultUIData.h">
      <Filter>ソース ファイル\ヘッダー ファイル\UI\Data</Filter>
    </ClInclude>
    <ClInclude Include="ScoreEvaluationUIData.h">
      <Filter>ソース ファイル\ヘッダー ファイル\UI\Data</Filter>
    </ClInclude>
    <ClInclude Include="ResultScoreUIData.h">
      <Filter>ソース ファイル\ヘッダー ファイル\UI\Data</Filter>
    </ClInclude>
  </ItemGroup>
  <ItemGroup>
    <FxCompile Include="BasicShader.hlsl">
      <Filter>ソース ファイル\シェーダーファイル</Filter>
    </FxCompile>
  </ItemGroup>
</Project>